Microsoft Visual Studio Solution File, Format Version 12.00
# Visual Studio Version 17
VisualStudioVersion = 17.5.2.0
MinimumVisualStudioVersion = 10.0.40219.1
Project("{FAE04EC0-301F-11D3-BF4B-00C04F79EFBC}") = "KauppaAPIForOhke25", "KauppaAPIForOhke25.csproj", "{162D9590-6690-67BE-A6A9-682D4B15D497}"
EndProject
Global
	GlobalSection(SolutionConfigurationPlatforms) = preSolution
		Debug|Any CPU = Debug|Any CPU
		Release|Any CPU = Release|Any CPU
	EndGlobalSection
	GlobalSection(ProjectConfigurationPlatforms) = postSolution
		{162D9590-6690-67BE-A6A9-682D4B15D497}.Debug|Any CPU.ActiveCfg = Debug|Any CPU
		{162D9590-6690-67BE-A6A9-682D4B15D497}.Debug|Any CPU.Build.0 = Debug|Any CPU
		{162D9590-6690-67BE-A6A9-682D4B15D497}.Release|Any CPU.ActiveCfg = Release|Any CPU
		{162D9590-6690-67BE-A6A9-682D4B15D497}.Release|Any CPU.Build.0 = Release|Any CPU
	EndGlobalSection
	GlobalSection(SolutionProperties) = preSolution
		HideSolutionNode = FALSE
	EndGlobalSection
	GlobalSection(ExtensibilityGlobals) = postSolution
		SolutionGuid = {90969F1C-199C-4A92-920B-8257006515D4}
	EndGlobalSection
EndGlobal
